
Microsoft Visual Studio Solution File, Format Version 12.00
# Visual Studio Version 17
VisualStudioVersion = 17.7.34031.279
MinimumVisualStudioVersion = 10.0.40219.1
Project("{FAE04EC0-301F-11D3-BF4B-00C04F79EFBC}") = "Day9_MS_Testing_PracticeProblems", "Day9_MS_Testing_PracticeProblems\Day9_MS_Testing_PracticeProblems.csproj", "{F568D505-9363-4B44-878B-23E879C5D26E}"
EndProject
Global
	GlobalSection(SolutionConfigurationPlatforms) = preSolution
		Debug|Any CPU = Debug|Any CPU
		Release|Any CPU = Release|Any CPU
	EndGlobalSection
	GlobalSection(ProjectConfigurationPlatforms) = postSolution
		{F568D505-9363-4B44-878B-23E879C5D26E}.Debug|Any CPU.ActiveCfg = Debug|Any CPU
		{F568D505-9363-4B44-878B-23E879C5D26E}.Debug|Any CPU.Build.0 = Debug|Any CPU
		{F568D505-9363-4B44-878B-23E879C5D26E}.Release|Any CPU.ActiveCfg = Release|Any CPU
		{F568D505-9363-4B44-878B-23E879C5D26E}.Release|Any CPU.Build.0 = Release|Any CPU
	EndGlobalSection
	GlobalSection(SolutionProperties) = preSolution
		HideSolutionNode = FALSE
	EndGlobalSection
	GlobalSection(ExtensibilityGlobals) = postSolution
		SolutionGuid = {C44B468D-5913-4050-90F0-63CBE721436F}
	EndGlobalSection
EndGlobal
